
Microsoft Visual Studio Solution File, Format Version 12.00
# Visual Studio Version 17
VisualStudioVersion = 17.2.32616.157
MinimumVisualStudioVersion = 10.0.40219.1
Project("{FAE04EC0-301F-11D3-BF4B-00C04F79EFBC}") = "HospitalAPI", "HospitalAPI.csproj", "{AD1993C4-D062-4188-9F2D-E4AF96C310CE}"
EndProject
Global
	GlobalSection(SolutionConfigurationPlatforms) = preSolution
		Debug|Any CPU = Debug|Any CPU
		Release|Any CPU = Release|Any CPU
	EndGlobalSection
	GlobalSection(ProjectConfigurationPlatforms) = postSolution
		{AD1993C4-D062-4188-9F2D-E4AF96C310CE}.Debug|Any CPU.ActiveCfg = Debug|Any CPU
		{AD1993C4-D062-4188-9F2D-E4AF96C310CE}.Debug|Any CPU.Build.0 = Debug|Any CPU
		{AD1993C4-D062-4188-9F2D-E4AF96C310CE}.Release|Any CPU.ActiveCfg = Release|Any CPU
		{AD1993C4-D062-4188-9F2D-E4AF96C310CE}.Release|Any CPU.Build.0 = Release|Any CPU
	EndGlobalSection
	GlobalSection(SolutionProperties) = preSolution
		HideSolutionNode = FALSE
	EndGlobalSection
	GlobalSection(ExtensibilityGlobals) = postSolution
		SolutionGuid = {9884ED03-69C9-4450-902A-C810559FB494}
	EndGlobalSection
EndGlobal
